
Microsoft Visual Studio Solution File, Format Version 12.00
# Visual Studio Version 16
VisualStudioVersion = 16.0.30717.126
MinimumVisualStudioVersion = 10.0.40219.1
Project("{FAE04EC0-301F-11D3-BF4B-00C04F79EFBC}") = "ArackiralamaOtomasyonu", "ArackiralamaOtomasyonu.csproj", "{8F911AA5-178F-4DAA-A10D-F34AAEE247F3}"
EndProject
Global
	GlobalSection(SolutionConfigurationPlatforms) = preSolution
		Debug|Any CPU = Debug|Any CPU
		Release|Any CPU = Release|Any CPU
	EndGlobalSection
	GlobalSection(ProjectConfigurationPlatforms) = postSolution
		{8F911AA5-178F-4DAA-A10D-F34AAEE247F3}.Debug|Any CPU.ActiveCfg = Debug|Any CPU
		{8F911AA5-178F-4DAA-A10D-F34AAEE247F3}.Debug|Any CPU.Build.0 = Debug|Any CPU
		{8F911AA5-178F-4DAA-A10D-F34AAEE247F3}.Release|Any CPU.ActiveCfg = Release|Any CPU
		{8F911AA5-178F-4DAA-A10D-F34AAEE247F3}.Release|Any CPU.Build.0 = Release|Any CPU
	EndGlobalSection
	GlobalSection(SolutionProperties) = preSolution
		HideSolutionNode = FALSE
	EndGlobalSection
	GlobalSection(ExtensibilityGlobals) = postSolution
		SolutionGuid = {6FBDDED5-7766-462F-90D2-C3F454EBA553}
	EndGlobalSection
EndGlobal
